// !$*UTF8*$!
{
	archiveVersion = 1;
	classes = {
	};
	objectVersion = 46;
	objects = {

/* Begin PBXBuildFile section */
		5113757D1DAC82A100ABB605 /* main.m in Sources */ = {isa = PBXBuildFile; fileRef = 5113757C1DAC82A100ABB605 /* main.m */; };
		511375801DAC82A100ABB605 /* AppDelegate.m in Sources */ = {isa = PBXBuildFile; fileRef = 5113757F1DAC82A100ABB605 /* AppDelegate.m */; };
		511375831DAC82A100ABB605 /* ViewController.m in Sources */ = {isa = PBXBuildFile; fileRef = 511375821DAC82A100ABB605 /* ViewController.m */; };
		511375861DAC82A100ABB605 /* Main.storyboard in Resources */ = {isa = PBXBuildFile; fileRef = 511375841DAC82A100ABB605 /* Main.storyboard */; };
		511375881DAC82A100ABB605 /* Assets.xcassets in Resources */ = {isa = PBXBuildFile; fileRef = 511375871DAC82A100ABB605 /* Assets.xcassets */; };
		5113758B1DAC82A100ABB605 /* LaunchScreen.storyboard in Resources */ = {isa = PBXBuildFile; fileRef = 511375891DAC82A100ABB605 /* LaunchScreen.storyboard */; };
/* End PBXBuildFile section */

/* Begin PBXFileReference section */
		511375781DAC82A100ABB605 /* aaa.app */ = {isa = PBXFileReference; explicitFileType = wrapper.application; includeInIndex = 0; path = aaa.app; sourceTree = BUILT_PRODUCTS_DIR; };
		5113757C1DAC82A100ABB605 /* main.m */ = {isa = PBXFileReference; lastKnownFileType = sourcecode.c.objc; path = main.m; sourceTree = "<group>"; };
		5113757E1DAC82A100ABB605 /* AppDelegate.h */ = {isa = PBXFileReference; lastKnownFileType = sourcecode.c.h; path = AppDelegate.h; sourceTree = "<group>"; };
		5113757F1DAC82A100ABB605 /* AppDelegate.m */ = {isa = PBXFileReference; lastKnownFileType = sourcecode.c.objc; path = AppDelegate.m; sourceTree = "<group>"; };
		511375811DAC82A100ABB605 /* ViewController.h */ = {isa = PBXFileReference; lastKnownFileType = sourcecode.c.h; path = ViewController.h; sourceTree = "<group>"; };
		511375821DAC82A100ABB605 /* ViewController.m */ = {isa = PBXFileReference; lastKnownFileType = sourcecode.c.objc; path = ViewController.m; sourceTree = "<group>"; };
		511375851DAC82A100ABB605 /* Base */ = {isa = PBXFileReference; lastKnownFileType = file.storyboard; name = Base; path = Base.lproj/Main.storyboard; sourceTree = "<group>"; };
		511375871DAC82A100ABB605 /* Assets.xcassets */ = {isa = PBXFileReference; lastKnownFileType = folder.assetcatalog; path = Assets.xcassets; sourceTree = "<group>"; };
		5113758A1DAC82A100ABB605 /* Base */ = {isa = PBXFileReference; lastKnownFileType = file.storyboard; name = Base; path = Base.lproj/LaunchScreen.storyboard; sourceTree = "<group>"; };
		5113758C1DAC82A100ABB605 /* Info.plist */ = {isa = PBXFileReference; lastKnownFileType = text.plist.xml; path = Info.plist; sourceTree = "<group>"; };
/* End PBXFileReference section */

/* Begin PBXFrameworksBuildPhase section */
		511375751DAC82A100ABB605 /* Frameworks */ = {
			isa = PBXFrameworksBuildPhase;
			buildActionMask = 2147483647;
			files = (
			);
			runOnlyForDeploymentPostprocessing = 0;
		};
/* End PBXFrameworksBuildPhase section */

/* Begin PBXGroup section */
		5113756F1DAC82A100ABB605 = {
			isa = PBXGroup;
			children = (
				5113757A1DAC82A100ABB605 /* aaa */,
				511375791DAC82A100ABB605 /* Products */,
			);
			sourceTree = "<group>";
		};
		511375791DAC82A100ABB605 /* Products */ = {
			isa = PBXGroup;
			children = (
				511375781DAC82A100ABB605 /* aaa.app */,
			);
			name = Products;
			sourceTree = "<group>";
		};
		5113757A1DAC82A100ABB605 /* aaa */ = {
			isa = PBXGroup;
			children = (
				5113757E1DAC82A100ABB605 /* AppDelegate.h */,
				5113757F1DAC82A100ABB605 /* AppDelegate.m */,
				511375811DAC82A100ABB605 /* ViewController.h */,
				511375821DAC82A100ABB605 /* ViewController.m */,
				511375841DAC82A100ABB605 /* Main.storyboard */,
				511375871DAC82A100ABB605 /* Assets.xcassets */,
				511375891DAC82A100ABB605 /* LaunchScreen.storyboard */,
				5113758C1DAC82A100ABB605 /* Info.plist */,
				5113757B1DAC82A100ABB605 /* Supporting Files */,
			);
			path = aaa;
			sourceTree = "<group>";
		};
		5113757B1DAC82A100ABB605 /* Supporting Files */ = {
			isa = PBXGroup;
			children = (
				5113757C1DAC82A100ABB605 /* main.m */,
			);
			name = "Supporting Files";
			sourceTree = "<group>";
		};
/* End PBXGroup section */

/* Begin PBXNativeTarget section */
		511375771DAC82A100ABB605 /* aaa */ = {
			isa = PBXNativeTarget;
			buildConfigurationList = 5113758F1DAC82A100ABB605 /* Build configuration list for PBXNativeTarget "aaa" */;
			buildPhases = (
				511375741DAC82A100ABB605 /* Sources */,
				511375751DAC82A100ABB605 /* Frameworks */,
				511375761DAC82A100ABB605 /* Resources */,
			);
			buildRules = (
			);
			dependencies = (
			);
			name = aaa;
			productName = aaa;
			productReference = 511375781DAC82A100ABB605 /* aaa.app */;
			productType = "com.apple.product-type.application";
		};
/* End PBXNativeTarget section */

/* Begin PBXProject section */
		511375701DAC82A100ABB605 /* Project object */ = {
			isa = PBXProject;
			attributes = {
				LastUpgradeCheck = 0730;
				ORGANIZATIONNAME = wyzc;
				TargetAttributes = {
					511375771DAC82A100ABB605 = {
						CreatedOnToolsVersion = 7.3.1;
						DevelopmentTeam = 52BPVBHBSC;
					};
				};
			};
			buildConfigurationList = 511375731DAC82A100ABB605 /* Build configuration list for PBXProject "aaa" */;
			compatibilityVersion = "Xcode 3.2";
			developmentRegion = English;
			hasScannedForEncodings = 0;
			knownRegions = (
				en,
				Base,
			);
			mainGroup = 5113756F1DAC82A100ABB605;
			productRefGroup = 511375791DAC82A100ABB605 /* Products */;
			projectDirPath = "";
			projectRoot = "";
			targets = (
				511375771DAC82A100ABB605 /* aaa */,
			);
		};
/* End PBXProject section */

/* Begin PBXResourcesBuildPhase section */
		511375761DAC82A100ABB605 /* Resources */ = {
			isa = PBXResourcesBuildPhase;
			buildActionMask = 2147483647;
			files = (
				5113758B1DAC82A100ABB605 /* LaunchScreen.storyboard in Resources */,
				511375881DAC82A100ABB605 /* Assets.xcassets in Resources */,
				511375861DAC82A100ABB605 /* Main.storyboard in Resources */,
			);
			runOnlyForDeploymentPostprocessing = 0;
		};
/* End PBXResourcesBuildPhase section */

/* Begin PBXSourcesBuildPhase section */
		511375741DAC82A100ABB605 /* Sources */ = {
			isa = PBXSourcesBuildPhase;
			buildActionMask = 2147483647;
			files = (
				511375831DAC82A100ABB605 /* ViewController.m in Sources */,
				511375801DAC82A100ABB605 /* AppDelegate.m in Sources */,
				5113757D1DAC82A100ABB605 /* main.m in Sources */,
			);
			runOnlyForDeploymentPostprocessing = 0;
		};
/* End PBXSourcesBuildPhase section */

/* Begin PBXVariantGroup section */
		511375841DAC82A100ABB605 /* Main.storyboard */ = {
			isa = PBXVariantGroup;
			children = (
				511375851DAC82A100ABB605 /* Base */,
			);
			name = Main.storyboard;
			sourceTree = "<group>";
		};
		511375891DAC82A100ABB605 /* LaunchScreen.storyboard */ = {
			isa = PBXVariantGroup;
			children = (
				5113758A1DAC82A100ABB605 /* Base */,
			);
			name = LaunchScreen.storyboard;
			sourceTree = "<group>";
		};
/* End PBXVariantGroup section */

/* Begin XCBuildConfiguration section */
		5113758D1DAC82A100ABB605 /* Debug */ = {
			isa = XCBuildConfiguration;
			buildSettings = {
				ALWAYS_SEARCH_USER_PATHS = NO;
				CLANG_ANALYZER_NONNULL = YES;
				CLANG_CXX_LANGUAGE_STANDARD = "gnu++0x";
				CLANG_CXX_LIBRARY = "libc++";
				CLANG_ENABLE_MODULES = YES;
				CLANG_ENABLE_OBJC_ARC = YES;
				CLANG_WARN_BOOL_CONVERSION = YES;
				CLANG_WARN_CONSTANT_CONVERSION = YES;
				CLANG_WARN_DIRECT_OBJC_ISA_USAGE = YES_ERROR;
				CLANG_WARN_EMPTY_BODY = YES;
				CLANG_WARN_ENUM_CONVERSION = YES;
				CLANG_WARN_INT_CONVERSION = YES;
				CLANG_WARN_OBJC_ROOT_CLASS = YES_ERROR;
				CLANG_WARN_UNREACHABLE_CODE = YES;
				CLANG_WARN__DUPLICATE_METHOD_MATCH = YES;
				"CODE_SIGN_IDENTITY[sdk=iphoneos*]" = "iPhone Developer";
				COPY_PHASE_STRIP = NO;
				DEBUG_INFORMATION_FORMAT = dwarf;
				ENABLE_STRICT_OBJC_MSGSEND = YES;
				ENABLE_TESTABILITY = YES;
				GCC_C_LANGUAGE_STANDARD = gnu99;
				GCC_DYNAMIC_NO_PIC = NO;
				GCC_NO_COMMON_BLOCKS = YES;
				GCC_OPTIMIZATION_LEVEL = 0;
				GCC_PREPROCESSOR_DEFINITIONS = (
					"DEBUG=1",
					"$(inherited)",
				);
				GCC_WARN_64_TO_32_BIT_CONVERSION = YES;
				GCC_WARN_ABOUT_RETURN_TYPE = YES_ERROR;
				GCC_WARN_UNDECLARED_SELECTOR = YES;
				GCC_WARN_UNINITIALIZED_AUTOS = YES_AGGRESSIVE;
				GCC_WARN_UNUSED_FUNCTION = YES;
				GCC_WARN_UNUSED_VARIABLE = YES;
				IPHONEOS_DEPLOYMENT_TARGET = 9.3;
				MTL_ENABLE_DEBUG_INFO = YES;
				ONLY_ACTIVE_ARCH = YES;
				SDKROOT = iphoneos;
			};
			name = Debug;
		};
		5113758E1DAC82A100ABB605 /* Release */ = {
			isa = XCBuildConfiguration;
			buildSettings = {
				ALWAYS_SEARCH_USER_PATHS = NO;
				CLANG_ANALYZER_NONNULL = YES;
				CLANG_CXX_LANGUAGE_STANDARD = "gnu++0x";
				CLANG_CXX_LIBRARY = "libc++";
				CLANG_ENABLE_MODULES = YES;
				CLANG_ENABLE_OBJC_ARC = YES;
				CLANG_WARN_BOOL_CONVERSION = YES;
				CLANG_WARN_CONSTANT_CONVERSION = YES;
				CLANG_WARN_DIRECT_OBJC_ISA_USAGE = YES_ERROR;
				CLANG_WARN_EMPTY_BODY = YES;
				CLANG_WARN_ENUM_CONVERSION = YES;
				CLANG_WARN_INT_CONVERSION = YES;
				CLANG_WARN_OBJC_ROOT_CLASS = YES_ERROR;
				CLANG_WARN_UNREACHABLE_CODE = YES;
				CLANG_WARN__DUPLICATE_METHOD_MATCH = YES;
				"CODE_SIGN_IDENTITY[sdk=iphoneos*]" = "iPhone Developer";
				COPY_PHASE_STRIP = NO;
				DEBUG_INFORMATION_FORMAT = "dwarf-with-dsym";
				ENABLE_NS_ASSERTIONS = NO;
				ENABLE_STRICT_OBJC_MSGSEND = YES;
				GCC_C_LANGUAGE_STANDARD = gnu99;
				GCC_NO_COMMON_BLOCKS = YES;
				GCC_WARN_64_TO_32_BIT_CONVERSION = YES;
				GCC_WARN_ABOUT_RETURN_TYPE = YES_ERROR;
				GCC_WARN_UNDECLARED_SELECTOR = YES;
				GCC_WARN_UNINITIALIZED_AUTOS = YES_AGGRESSIVE;
				GCC_WARN_UNUSED_FUNCTION = YES;
				GCC_WARN_UNUSED_VARIABLE = YES;
				IPHONEOS_DEPLOYMENT_TARGET = 9.3;
				MTL_ENABLE_DEBUG_INFO = NO;
				SDKROOT = iphoneos;
				VALIDATE_PRODUCT = YES;
			};
			name = Release;
		};
		511375901DAC82A100ABB605 /* Debug */ = {
			isa = XCBuildConfiguration;
			buildSettings = {
				ASSETCATALOG_COMPILER_APPICON_NAME = AppIcon;
				INFOPLIST_FILE = aaa/Info.plist;
				LD_RUNPATH_SEARCH_PATHS = "$(inherited) @executable_path/Frameworks";
				PRODUCT_BUNDLE_IDENTIFIER = com.wyzc.aaa;
				PRODUCT_NAME = "$(TARGET_NAME)";
			};
			name = Debug;
		};
		511375911DAC82A100ABB605 /* Release */ = {
			isa = XCBuildConfiguration;
			buildSettings = {
				ASSETCATALOG_COMPILER_APPICON_NAME = AppIcon;
				INFOPLIST_FILE = aaa/Info.plist;
				LD_RUNPATH_SEARCH_PATHS = "$(inherited) @executable_path/Frameworks";
				PRODUCT_BUNDLE_IDENTIFIER = com.wyzc.aaa;
				PRODUCT_NAME = "$(TARGET_NAME)";
			};
			name = Release;
		};
/* End XCBuildConfiguration section */

/* Begin XCConfigurationList section */
		511375731DAC82A100ABB605 /* Build configuration list for PBXProject "aaa" */ = {
			isa = XCConfigurationList;
			buildConfigurations = (
				5113758D1DAC82A100ABB605 /* Debug */,
				5113758E1DAC82A100ABB605 /* Release */,
			);
			defaultConfigurationIsVisible = 0;
			defaultConfigurationName = Release;
		};
		5113758F1DAC82A100ABB605 /* Build configuration list for PBXNativeTarget "aaa" */ = {
			isa = XCConfigurationList;
			buildConfigurations = (
				511375901DAC82A100ABB605 /* Debug */,
				511375911DAC82A100ABB605 /* Release */,
			);
			defaultConfigurationIsVisible = 0;
		};
/* End XCConfigurationList section */
	};
	rootObject = 511375701DAC82A100ABB605 /* Project object */;
}
